// !$*UTF8*$!
{
	archiveVersion = 1;
	classes = {
	};
	objectVersion = 56;
	objects = {

/* Begin PBXBuildFile section */
		303270A92BE8C5EE0005500F /* FeedView.swift in Sources */ = {isa = PBXBuildFile; fileRef = 303270A82BE8C5EE0005500F /* FeedView.swift */; };
		303270AB2BE8C6280005500F /* MapView.swift in Sources */ = {isa = PBXBuildFile; fileRef = 303270AA2BE8C6280005500F /* MapView.swift */; };
		303270AD2BE8C62E0005500F /* ProfileView.swift in Sources */ = {isa = PBXBuildFile; fileRef = 303270AC2BE8C62E0005500F /* ProfileView.swift */; };
		30C515F52BE6492F00491033 /* GatherApp.swift in Sources */ = {isa = PBXBuildFile; fileRef = 30C515F42BE6492F00491033 /* GatherApp.swift */; };
		30C515F72BE6492F00491033 /* ContentView.swift in Sources */ = {isa = PBXBuildFile; fileRef = 30C515F62BE6492F00491033 /* ContentView.swift */; };
		30C515F92BE6493000491033 /* Assets.xcassets in Resources */ = {isa = PBXBuildFile; fileRef = 30C515F82BE6493000491033 /* Assets.xcassets */; };
		30C515FC2BE6493000491033 /* Preview Assets.xcassets in Resources */ = {isa = PBXBuildFile; fileRef = 30C515FB2BE6493000491033 /* Preview Assets.xcassets */; };
		30C5160A2BE64B8400491033 /* TabBarView.swift in Sources */ = {isa = PBXBuildFile; fileRef = 30C516092BE64B8400491033 /* TabBarView.swift */; };
		30FAA7372BF265230069C921 /* PostModel.swift in Sources */ = {isa = PBXBuildFile; fileRef = 30FAA7362BF265230069C921 /* PostModel.swift */; };
		30FAA73A2BF266D10069C921 /* EventModel.swift in Sources */ = {isa = PBXBuildFile; fileRef = 30FAA7392BF266D10069C921 /* EventModel.swift */; };
/* End PBXBuildFile section */

/* Begin PBXFileReference section */
		303270A82BE8C5EE0005500F /* FeedView.swift */ = {isa = PBXFileReference; lastKnownFileType = sourcecode.swift; path = FeedView.swift; sourceTree = "<group>"; };
		303270AA2BE8C6280005500F /* MapView.swift */ = {isa = PBXFileReference; lastKnownFileType = sourcecode.swift; path = MapView.swift; sourceTree = "<group>"; };
		303270AC2BE8C62E0005500F /* ProfileView.swift */ = {isa = PBXFileReference; lastKnownFileType = sourcecode.swift; path = ProfileView.swift; sourceTree = "<group>"; };
		30C515F12BE6492F00491033 /* Gather.app */ = {isa = PBXFileReference; explicitFileType = wrapper.application; includeInIndex = 0; path = Gather.app; sourceTree = BUILT_PRODUCTS_DIR; };
		30C515F42BE6492F00491033 /* GatherApp.swift */ = {isa = PBXFileReference; lastKnownFileType = sourcecode.swift; path = GatherApp.swift; sourceTree = "<group>"; };
		30C515F62BE6492F00491033 /* ContentView.swift */ = {isa = PBXFileReference; lastKnownFileType = sourcecode.swift; path = ContentView.swift; sourceTree = "<group>"; };
		30C515F82BE6493000491033 /* Assets.xcassets */ = {isa = PBXFileReference; lastKnownFileType = folder.assetcatalog; path = Assets.xcassets; sourceTree = "<group>"; };
		30C515FB2BE6493000491033 /* Preview Assets.xcassets */ = {isa = PBXFileReference; lastKnownFileType = folder.assetcatalog; path = "Preview Assets.xcassets"; sourceTree = "<group>"; };
		30C516092BE64B8400491033 /* TabBarView.swift */ = {isa = PBXFileReference; lastKnownFileType = sourcecode.swift; path = TabBarView.swift; sourceTree = "<group>"; };
		30FAA7362BF265230069C921 /* PostModel.swift */ = {isa = PBXFileReference; lastKnownFileType = sourcecode.swift; path = PostModel.swift; sourceTree = "<group>"; };
		30FAA7392BF266D10069C921 /* EventModel.swift */ = {isa = PBXFileReference; lastKnownFileType = sourcecode.swift; path = EventModel.swift; sourceTree = "<group>"; };
/* End PBXFileReference section */

/* Begin PBXFrameworksBuildPhase section */
		30C515EE2BE6492E00491033 /* Frameworks */ = {
			isa = PBXFrameworksBuildPhase;
			buildActionMask = 2147483647;
			files = (
			);
			runOnlyForDeploymentPostprocessing = 0;
		};
/* End PBXFrameworksBuildPhase section */

/* Begin PBXGroup section */
		303270A52BE8C5BF0005500F /* Feed */ = {
			isa = PBXGroup;
			children = (
				303270A82BE8C5EE0005500F /* FeedView.swift */,
			);
			path = Feed;
			sourceTree = "<group>";
		};
		303270A62BE8C5C70005500F /* Map */ = {
			isa = PBXGroup;
			children = (
				303270AA2BE8C6280005500F /* MapView.swift */,
			);
			path = Map;
			sourceTree = "<group>";
		};
		303270A72BE8C5CE0005500F /* Profile */ = {
			isa = PBXGroup;
			children = (
				303270AC2BE8C62E0005500F /* ProfileView.swift */,
			);
			path = Profile;
			sourceTree = "<group>";
		};
		30C515E82BE6492E00491033 = {
			isa = PBXGroup;
			children = (
				30C515F32BE6492F00491033 /* Gather */,
				30C515F22BE6492F00491033 /* Products */,
			);
			sourceTree = "<group>";
		};
		30C515F22BE6492F00491033 /* Products */ = {
			isa = PBXGroup;
			children = (
				30C515F12BE6492F00491033 /* Gather.app */,
			);
			name = Products;
			sourceTree = "<group>";
		};
		30C515F32BE6492F00491033 /* Gather */ = {
			isa = PBXGroup;
			children = (
				30C516022BE64B1900491033 /* App */,
				30C516032BE64B1E00491033 /* Core */,
				30C516042BE64B2D00491033 /* Extensions */,
				30C516052BE64B3100491033 /* Model */,
				30C516062BE64B4400491033 /* Services */,
				30C516072BE64B4700491033 /* Utils */,
				30C515F62BE6492F00491033 /* ContentView.swift */,
				30C515F42BE6492F00491033 /* GatherApp.swift */,
				30C515F82BE6493000491033 /* Assets.xcassets */,
				30C515FA2BE6493000491033 /* Preview Content */,
			);
			path = Gather;
			sourceTree = "<group>";
		};
		30C515FA2BE6493000491033 /* Preview Content */ = {
			isa = PBXGroup;
			children = (
				30C515FB2BE6493000491033 /* Preview Assets.xcassets */,
			);
			path = "Preview Content";
			sourceTree = "<group>";
		};
		30C516022BE64B1900491033 /* App */ = {
			isa = PBXGroup;
			children = (
			);
			path = App;
			sourceTree = "<group>";
		};
		30C516032BE64B1E00491033 /* Core */ = {
			isa = PBXGroup;
			children = (
				303270A52BE8C5BF0005500F /* Feed */,
				303270A62BE8C5C70005500F /* Map */,
				303270A72BE8C5CE0005500F /* Profile */,
				30C516082BE64B7700491033 /* TabBar */,
			);
			path = Core;
			sourceTree = "<group>";
		};
		30C516042BE64B2D00491033 /* Extensions */ = {
			isa = PBXGroup;
			children = (
			);
			path = Extensions;
			sourceTree = "<group>";
		};
		30C516052BE64B3100491033 /* Model */ = {
			isa = PBXGroup;
			children = (
				30FAA7382BF266CA0069C921 /* Event */,
				30FAA7352BF265130069C921 /* Post */,
			);
			path = Model;
			sourceTree = "<group>";
		};
		30C516062BE64B4400491033 /* Services */ = {
			isa = PBXGroup;
			children = (
			);
			path = Services;
			sourceTree = "<group>";
		};
		30C516072BE64B4700491033 /* Utils */ = {
			isa = PBXGroup;
			children = (
			);
			path = Utils;
			sourceTree = "<group>";
		};
		30C516082BE64B7700491033 /* TabBar */ = {
			isa = PBXGroup;
			children = (
				30C516092BE64B8400491033 /* TabBarView.swift */,
			);
			path = TabBar;
			sourceTree = "<group>";
		};
		30FAA7352BF265130069C921 /* Post */ = {
			isa = PBXGroup;
			children = (
				30FAA7362BF265230069C921 /* PostModel.swift */,
			);
			path = Post;
			sourceTree = "<group>";
		};
		30FAA7382BF266CA0069C921 /* Event */ = {
			isa = PBXGroup;
			children = (
				30FAA7392BF266D10069C921 /* EventModel.swift */,
			);
			path = Event;
			sourceTree = "<group>";
		};
/* End PBXGroup section */

/* Begin PBXNativeTarget section */
		30C515F02BE6492E00491033 /* Gather */ = {
			isa = PBXNativeTarget;
			buildConfigurationList = 30C515FF2BE6493000491033 /* Build configuration list for PBXNativeTarget "Gather" */;
			buildPhases = (
				30C515ED2BE6492E00491033 /* Sources */,
				30C515EE2BE6492E00491033 /* Frameworks */,
				30C515EF2BE6492E00491033 /* Resources */,
			);
			buildRules = (
			);
			dependencies = (
			);
			name = Gather;
			productName = Gather;
			productReference = 30C515F12BE6492F00491033 /* Gather.app */;
			productType = "com.apple.product-type.application";
		};
/* End PBXNativeTarget section */

/* Begin PBXProject section */
		30C515E92BE6492E00491033 /* Project object */ = {
			isa = PBXProject;
			attributes = {
				BuildIndependentTargetsInParallel = 1;
				LastSwiftUpdateCheck = 1530;
				LastUpgradeCheck = 1530;
				TargetAttributes = {
					30C515F02BE6492E00491033 = {
						CreatedOnToolsVersion = 15.3;
					};
				};
			};
			buildConfigurationList = 30C515EC2BE6492E00491033 /* Build configuration list for PBXProject "Gather" */;
			compatibilityVersion = "Xcode 14.0";
			developmentRegion = en;
			hasScannedForEncodings = 0;
			knownRegions = (
				en,
				Base,
			);
			mainGroup = 30C515E82BE6492E00491033;
			productRefGroup = 30C515F22BE6492F00491033 /* Products */;
			projectDirPath = "";
			projectRoot = "";
			targets = (
				30C515F02BE6492E00491033 /* Gather */,
			);
		};
/* End PBXProject section */

/* Begin PBXResourcesBuildPhase section */
		30C515EF2BE6492E00491033 /* Resources */ = {
			isa = PBXResourcesBuildPhase;
			buildActionMask = 2147483647;
			files = (
				30C515FC2BE6493000491033 /* Preview Assets.xcassets in Resources */,
				30C515F92BE6493000491033 /* Assets.xcassets in Resources */,
			);
			runOnlyForDeploymentPostprocessing = 0;
		};
/* End PBXResourcesBuildPhase section */

/* Begin PBXSourcesBuildPhase section */
		30C515ED2BE6492E00491033 /* Sources */ = {
			isa = PBXSourcesBuildPhase;
			buildActionMask = 2147483647;
			files = (
				30FAA73A2BF266D10069C921 /* EventModel.swift in Sources */,
				303270A92BE8C5EE0005500F /* FeedView.swift in Sources */,
				30C515F72BE6492F00491033 /* ContentView.swift in Sources */,
				303270AB2BE8C6280005500F /* MapView.swift in Sources */,
				30C5160A2BE64B8400491033 /* TabBarView.swift in Sources */,
				303270AD2BE8C62E0005500F /* ProfileView.swift in Sources */,
				30FAA7372BF265230069C921 /* PostModel.swift in Sources */,
				30C515F52BE6492F00491033 /* GatherApp.swift in Sources */,
			);
			runOnlyForDeploymentPostprocessing = 0;
		};
/* End PBXSourcesBuildPhase section */

/* Begin XCBuildConfiguration section */
		30C515FD2BE6493000491033 /* Debug */ = {
			isa = XCBuildConfiguration;
			buildSettings = {
				ALWAYS_SEARCH_USER_PATHS = NO;
				ASSETCATALOG_COMPILER_GENERATE_SWIFT_ASSET_SYMBOL_EXTENSIONS = YES;
				CLANG_ANALYZER_NONNULL = YES;
				CLANG_ANALYZER_NUMBER_OBJECT_CONVERSION = YES_AGGRESSIVE;
				CLANG_CXX_LANGUAGE_STANDARD = "gnu++20";
				CLANG_ENABLE_MODULES = YES;
				CLANG_ENABLE_OBJC_ARC = YES;
				CLANG_ENABLE_OBJC_WEAK = YES;
				CLANG_WARN_BLOCK_CAPTURE_AUTORELEASING = YES;
				CLANG_WARN_BOOL_CONVERSION = YES;
				CLANG_WARN_COMMA = YES;
				CLANG_WARN_CONSTANT_CONVERSION = YES;
				CLANG_WARN_DEPRECATED_OBJC_IMPLEMENTATIONS = YES;
				CLANG_WARN_DIRECT_OBJC_ISA_USAGE = YES_ERROR;
				CLANG_WARN_DOCUMENTATION_COMMENTS = YES;
				CLANG_WARN_EMPTY_BODY = YES;
				CLANG_WARN_ENUM_CONVERSION = YES;
				CLANG_WARN_INFINITE_RECURSION = YES;
				CLANG_WARN_INT_CONVERSION = YES;
				CLANG_WARN_NON_LITERAL_NULL_CONVERSION = YES;
				CLANG_WARN_OBJC_IMPLICIT_RETAIN_SELF = YES;
				CLANG_WARN_OBJC_LITERAL_CONVERSION = YES;
				CLANG_WARN_OBJC_ROOT_CLASS = YES_ERROR;
				CLANG_WARN_QUOTED_INCLUDE_IN_FRAMEWORK_HEADER = YES;
				CLANG_WARN_RANGE_LOOP_ANALYSIS = YES;
				CLANG_WARN_STRICT_PROTOTYPES = YES;
				CLANG_WARN_SUSPICIOUS_MOVE = YES;
				CLANG_WARN_UNGUARDED_AVAILABILITY = YES_AGGRESSIVE;
				CLANG_WARN_UNREACHABLE_CODE = YES;
				CLANG_WARN__DUPLICATE_METHOD_MATCH = YES;
				COPY_PHASE_STRIP = NO;
				DEBUG_INFORMATION_FORMAT = dwarf;
				ENABLE_STRICT_OBJC_MSGSEND = YES;
				ENABLE_TESTABILITY = YES;
				ENABLE_USER_SCRIPT_SANDBOXING = YES;
				GCC_C_LANGUAGE_STANDARD = gnu17;
				GCC_DYNAMIC_NO_PIC = NO;
				GCC_NO_COMMON_BLOCKS = YES;
				GCC_OPTIMIZATION_LEVEL = 0;
				GCC_PREPROCESSOR_DEFINITIONS = (
					"DEBUG=1",
					"$(inherited)",
				);
				GCC_WARN_64_TO_32_BIT_CONVERSION = YES;
				GCC_WARN_ABOUT_RETURN_TYPE = YES_ERROR;
				GCC_WARN_UNDECLARED_SELECTOR = YES;
				GCC_WARN_UNINITIALIZED_AUTOS = YES_AGGRESSIVE;
				GCC_WARN_UNUSED_FUNCTION = YES;
				GCC_WARN_UNUSED_VARIABLE = YES;
				IPHONEOS_DEPLOYMENT_TARGET = 17.4;
				LOCALIZATION_PREFERS_STRING_CATALOGS = YES;
				MTL_ENABLE_DEBUG_INFO = INCLUDE_SOURCE;
				MTL_FAST_MATH = YES;
				ONLY_ACTIVE_ARCH = YES;
				SDKROOT = iphoneos;
				SWIFT_ACTIVE_COMPILATION_CONDITIONS = "DEBUG $(inherited)";
				SWIFT_OPTIMIZATION_LEVEL = "-Onone";
			};
			name = Debug;
		};
		30C515FE2BE6493000491033 /* Release */ = {
			isa = XCBuildConfiguration;
			buildSettings = {
				ALWAYS_SEARCH_USER_PATHS = NO;
				ASSETCATALOG_COMPILER_GENERATE_SWIFT_ASSET_SYMBOL_EXTENSIONS = YES;
				CLANG_ANALYZER_NONNULL = YES;
				CLANG_ANALYZER_NUMBER_OBJECT_CONVERSION = YES_AGGRESSIVE;
				CLANG_CXX_LANGUAGE_STANDARD = "gnu++20";
				CLANG_ENABLE_MODULES = YES;
				CLANG_ENABLE_OBJC_ARC = YES;
				CLANG_ENABLE_OBJC_WEAK = YES;
				CLANG_WARN_BLOCK_CAPTURE_AUTORELEASING = YES;
				CLANG_WARN_BOOL_CONVERSION = YES;
				CLANG_WARN_COMMA = YES;
				CLANG_WARN_CONSTANT_CONVERSION = YES;
				CLANG_WARN_DEPRECATED_OBJC_IMPLEMENTATIONS = YES;
				CLANG_WARN_DIRECT_OBJC_ISA_USAGE = YES_ERROR;
				CLANG_WARN_DOCUMENTATION_COMMENTS = YES;
				CLANG_WARN_EMPTY_BODY = YES;
				CLANG_WARN_ENUM_CONVERSION = YES;
				CLANG_WARN_INFINITE_RECURSION = YES;
				CLANG_WARN_INT_CONVERSION = YES;
				CLANG_WARN_NON_LITERAL_NULL_CONVERSION = YES;
				CLANG_WARN_OBJC_IMPLICIT_RETAIN_SELF = YES;
				CLANG_WARN_OBJC_LITERAL_CONVERSION = YES;
				CLANG_WARN_OBJC_ROOT_CLASS = YES_ERROR;
				CLANG_WARN_QUOTED_INCLUDE_IN_FRAMEWORK_HEADER = YES;
				CLANG_WARN_RANGE_LOOP_ANALYSIS = YES;
				CLANG_WARN_STRICT_PROTOTYPES = YES;
				CLANG_WARN_SUSPICIOUS_MOVE = YES;
				CLANG_WARN_UNGUARDED_AVAILABILITY = YES_AGGRESSIVE;
				CLANG_WARN_UNREACHABLE_CODE = YES;
				CLANG_WARN__DUPLICATE_METHOD_MATCH = YES;
				COPY_PHASE_STRIP = NO;
				DEBUG_INFORMATION_FORMAT = "dwarf-with-dsym";
				ENABLE_NS_ASSERTIONS = NO;
				ENABLE_STRICT_OBJC_MSGSEND = YES;
				ENABLE_USER_SCRIPT_SANDBOXING = YES;
				GCC_C_LANGUAGE_STANDARD = gnu17;
				GCC_NO_COMMON_BLOCKS = YES;
				GCC_WARN_64_TO_32_BIT_CONVERSION = YES;
				GCC_WARN_ABOUT_RETURN_TYPE = YES_ERROR;
				GCC_WARN_UNDECLARED_SELECTOR = YES;
				GCC_WARN_UNINITIALIZED_AUTOS = YES_AGGRESSIVE;
				GCC_WARN_UNUSED_FUNCTION = YES;
				GCC_WARN_UNUSED_VARIABLE = YES;
				IPHONEOS_DEPLOYMENT_TARGET = 17.4;
				LOCALIZATION_PREFERS_STRING_CATALOGS = YES;
				MTL_ENABLE_DEBUG_INFO = NO;
				MTL_FAST_MATH = YES;
				SDKROOT = iphoneos;
				SWIFT_COMPILATION_MODE = wholemodule;
				VALIDATE_PRODUCT = YES;
			};
			name = Release;
		};
		30C516002BE6493000491033 /* Debug */ = {
			isa = XCBuildConfiguration;
			buildSettings = {
				ASSETCATALOG_COMPILER_APPICON_NAME = AppIcon;
				ASSETCATALOG_COMPILER_GLOBAL_ACCENT_COLOR_NAME = AccentColor;
				CODE_SIGN_STYLE = Automatic;
				CURRENT_PROJECT_VERSION = 1;
				DEVELOPMENT_ASSET_PATHS = "\"Gather/Preview Content\"";
				DEVELOPMENT_TEAM = 42C5H36K2N;
				ENABLE_PREVIEWS = YES;
				GENERATE_INFOPLIST_FILE = YES;
				INFOPLIST_KEY_CFBundleDisplayName = Gather;
				INFOPLIST_KEY_LSApplicationCategoryType = "public.app-category.entertainment";
				INFOPLIST_KEY_UIApplicationSceneManifest_Generation = YES;
				INFOPLIST_KEY_UIApplicationSupportsIndirectInputEvents = YES;
				INFOPLIST_KEY_UILaunchScreen_Generation = YES;
				INFOPLIST_KEY_UISupportedInterfaceOrientations = UIInterfaceOrientationPortrait;
				LD_RUNPATH_SEARCH_PATHS = (
					"$(inherited)",
					"@executable_path/Frameworks",
				);
				MARKETING_VERSION = 1.0;
				PRODUCT_BUNDLE_IDENTIFIER = ru.gather.Gather;
				PRODUCT_NAME = "$(TARGET_NAME)";
				SUPPORTED_PLATFORMS = "iphoneos iphonesimulator";
				SUPPORTS_MACCATALYST = NO;
				SUPPORTS_MAC_DESIGNED_FOR_IPHONE_IPAD = NO;
				SUPPORTS_XR_DESIGNED_FOR_IPHONE_IPAD = NO;
				SWIFT_EMIT_LOC_STRINGS = YES;
				SWIFT_VERSION = 5.0;
				TARGETED_DEVICE_FAMILY = "1,2";
			};
			name = Debug;
		};
		30C516012BE6493000491033 /* Release */ = {
			isa = XCBuildConfiguration;
			buildSettings = {
				ASSETCATALOG_COMPILER_APPICON_NAME = AppIcon;
				ASSETCATALOG_COMPILER_GLOBAL_ACCENT_COLOR_NAME = AccentColor;
				CODE_SIGN_STYLE = Automatic;
				CURRENT_PROJECT_VERSION = 1;
				DEVELOPMENT_ASSET_PATHS = "\"Gather/Preview Content\"";
				DEVELOPMENT_TEAM = 42C5H36K2N;
				ENABLE_PREVIEWS = YES;
				GENERATE_INFOPLIST_FILE = YES;
				INFOPLIST_KEY_CFBundleDisplayName = Gather;
				INFOPLIST_KEY_LSApplicationCategoryType = "public.app-category.entertainment";
				INFOPLIST_KEY_UIApplicationSceneManifest_Generation = YES;
				INFOPLIST_KEY_UIApplicationSupportsIndirectInputEvents = YES;
				INFOPLIST_KEY_UILaunchScreen_Generation = YES;
				INFOPLIST_KEY_UISupportedInterfaceOrientations = UIInterfaceOrientationPortrait;
				LD_RUNPATH_SEARCH_PATHS = (
					"$(inherited)",
					"@executable_path/Frameworks",
				);
				MARKETING_VERSION = 1.0;
				PRODUCT_BUNDLE_IDENTIFIER = ru.gather.Gather;
				PRODUCT_NAME = "$(TARGET_NAME)";
				SUPPORTED_PLATFORMS = "iphoneos iphonesimulator";
				SUPPORTS_MACCATALYST = NO;
				SUPPORTS_MAC_DESIGNED_FOR_IPHONE_IPAD = NO;
				SUPPORTS_XR_DESIGNED_FOR_IPHONE_IPAD = NO;
				SWIFT_EMIT_LOC_STRINGS = YES;
				SWIFT_VERSION = 5.0;
				TARGETED_DEVICE_FAMILY = "1,2";
			};
			name = Release;
		};
/* End XCBuildConfiguration section */

/* Begin XCConfigurationList section */
		30C515EC2BE6492E00491033 /* Build configuration list for PBXProject "Gather" */ = {
			isa = XCConfigurationList;
			buildConfigurations = (
				30C515FD2BE6493000491033 /* Debug */,
				30C515FE2BE6493000491033 /* Release */,
			);
			defaultConfigurationIsVisible = 0;
			defaultConfigurationName = Release;
		};
		30C515FF2BE6493000491033 /* Build configuration list for PBXNativeTarget "Gather" */ = {
			isa = XCConfigurationList;
			buildConfigurations = (
				30C516002BE6493000491033 /* Debug */,
				30C516012BE6493000491033 /* Release */,
			);
			defaultConfigurationIsVisible = 0;
			defaultConfigurationName = Release;
		};
/* End XCConfigurationList section */
	};
	rootObject = 30C515E92BE6492E00491033 /* Project object */;
}
